
Microsoft Visual Studio Solution File, Format Version 12.00
# Visual Studio Version 16
VisualStudioVersion = 16.0.30804.86
MinimumVisualStudioVersion = 10.0.40219.1
Project("{FAE04EC0-301F-11D3-BF4B-00C04F79EFBC}") = "mct-blog", "mct-blog\mct-blog.csproj", "{B4C384BF-62D5-4919-9B89-3A33F3C8E8EE}"
EndProject
Global
	GlobalSection(SolutionConfigurationPlatforms) = preSolution
		Debug|Any CPU = Debug|Any CPU
		Release|Any CPU = Release|Any CPU
	EndGlobalSection
	GlobalSection(ProjectConfigurationPlatforms) = postSolution
		{B4C384BF-62D5-4919-9B89-3A33F3C8E8EE}.Debug|Any CPU.ActiveCfg = Debug|Any CPU
		{B4C384BF-62D5-4919-9B89-3A33F3C8E8EE}.Debug|Any CPU.Build.0 = Debug|Any CPU
		{B4C384BF-62D5-4919-9B89-3A33F3C8E8EE}.Release|Any CPU.ActiveCfg = Release|Any CPU
		{B4C384BF-62D5-4919-9B89-3A33F3C8E8EE}.Release|Any CPU.Build.0 = Release|Any CPU
	EndGlobalSection
	GlobalSection(SolutionProperties) = preSolution
		HideSolutionNode = FALSE
	EndGlobalSection
	GlobalSection(ExtensibilityGlobals) = postSolution
		SolutionGuid = {5C142269-0778-4419-973E-CBDE6E9626AC}
	EndGlobalSection
EndGlobal
